<?xml version="1.0" encoding="utf-8"?>
<Project ToolsVersion="4.0" xmlns="http://schemas.microsoft.com/developer/msbuild/2003">
  <ItemGroup>
    <Filter Include="Pliki źródłowe">
      <UniqueIdentifier>{4FC737F1-C7A5-4376-A066-2A32D752A2FF}</UniqueIdentifier>
      <Extensions>cpp;c;cc;cxx;c++;def;odl;idl;hpj;bat;asm;asmx</Extensions>
    </Filter>
    <Filter Include="Pliki nagłówkowe">
      <UniqueIdentifier>{93995380-89BD-4b04-88EB-625FBE52EBFB}</UniqueIdentifier>
      <Extensions>h;hh;hpp;hxx;h++;hm;inl;inc;ipp;xsd</Extensions>
    </Filter>
    <Filter Include="Pliki zasobów">
      <UniqueIdentifier>{67DA6AB6-F800-4c08-8B7A-83BB121AAD01}</UniqueIdentifier>
      <Extensions>rc;ico;cur;bmp;dlg;rc2;rct;bin;rgs;gif;jpg;jpeg;jpe;resx;tiff;tif;png;wav;mfcribbon-ms</Extensions>
    </Filter>
    <Filter Include="Pliki zasobów\Enemy Shader">
      <UniqueIdentifier>{70ca7c91-00c9-4007-be2f-5af1c41969e3}</UniqueIdentifier>
    </Filter>
    <Filter Include="Pliki zasobów\Robal Shader">
      <UniqueIdentifier>{60adbd06-d0a2-4a58-8a3c-9b87568bb935}</UniqueIdentifier>
    </Filter>
    <Filter Include="Pliki zasobów\SkyShader">
      <UniqueIdentifier>{f2af1238-0c15-4c0d-ad89-960133a7c949}</UniqueIdentifier>
    </Filter>
    <Filter Include="Pliki zasobów\Obstacle Shader">
      <UniqueIdentifier>{611c5db8-d75d-4528-b9fe-4c790f54c6da}</UniqueIdentifier>
    </Filter>
    <Filter Include="Pliki zasobów\Lamp Shader">
      <UniqueIdentifier>{b5b17a19-28e4-452c-bf50-a1266bdb4ebc}</UniqueIdentifier>
    </Filter>
  </ItemGroup>
  <ItemGroup>
    <ClCompile Include="ROBAL.cpp">
      <Filter>Pliki źródłowe</Filter>
    </ClCompile>
    <ClCompile Include="shaderprogram.cpp">
      <Filter>Pliki źródłowe</Filter>
    </ClCompile>
    <ClCompile Include="camera.cpp">
      <Filter>Pliki źródłowe</Filter>
    </ClCompile>
    <ClCompile Include="Model.cpp">
      <Filter>Pliki źródłowe</Filter>
    </ClCompile>
    <ClCompile Include="robalek.cpp">
      <Filter>Pliki źródłowe</Filter>
    </ClCompile>
    <ClCompile Include="Collisions.cpp">
      <Filter>Pliki źródłowe</Filter>
    </ClCompile>
    <ClCompile Include="lodepng.cpp">
      <Filter>Pliki źródłowe</Filter>
    </ClCompile>
  </ItemGroup>
  <ItemGroup>
    <ClInclude Include="myTeapot.h">
      <Filter>Pliki nagłówkowe</Filter>
    </ClInclude>
    <ClInclude Include="shaderprogram.h">
      <Filter>Pliki nagłówkowe</Filter>
    </ClInclude>
    <ClInclude Include="camera.h">
      <Filter>Pliki nagłówkowe</Filter>
    </ClInclude>
    <ClInclude Include="snake.h">
      <Filter>Pliki nagłówkowe</Filter>
    </ClInclude>
    <ClInclude Include="Model.h">
      <Filter>Pliki nagłówkowe</Filter>
    </ClInclude>
    <ClInclude Include="robalek.h">
      <Filter>Pliki nagłówkowe</Filter>
    </ClInclude>
    <ClInclude Include="Collisions.h">
      <Filter>Pliki nagłówkowe</Filter>
    </ClInclude>
    <ClInclude Include="lodepng.h">
      <Filter>Pliki nagłówkowe</Filter>
    </ClInclude>
  </ItemGroup>
  <ItemGroup>
    <None Include="f_robal.glsl">
      <Filter>Pliki zasobów\Robal Shader</Filter>
    </None>
    <None Include="v_robal.glsl">
      <Filter>Pliki zasobów\Robal Shader</Filter>
    </None>
    <None Include="f_sky.glsl">
      <Filter>Pliki zasobów\SkyShader</Filter>
    </None>
    <None Include="v_sky.glsl">
      <Filter>Pliki zasobów\SkyShader</Filter>
    </None>
    <None Include="f_enemy.glsl">
      <Filter>Pliki zasobów\Enemy Shader</Filter>
    </None>
    <None Include="v_enemy.glsl">
      <Filter>Pliki zasobów\Enemy Shader</Filter>
    </None>
    <None Include="f_obstacle.glsl">
      <Filter>Pliki zasobów\Obstacle Shader</Filter>
    </None>
    <None Include="v_obstacle.glsl">
      <Filter>Pliki zasobów\Obstacle Shader</Filter>
    </None>
    <None Include="v_lamp.glsl">
      <Filter>Pliki zasobów\Lamp Shader</Filter>
    </None>
    <None Include="f_lamp.glsl">
      <Filter>Pliki zasobów\Lamp Shader</Filter>
    </None>
  </ItemGroup>
</Project>