<?xml version="1.0" encoding="utf-8"?>
<Project ToolsVersion="4.0" xmlns="http://schemas.microsoft.com/developer/msbuild/2003">
  <ItemGroup>
    <Filter Include="Pliki źródłowe">
      <UniqueIdentifier>{4FC737F1-C7A5-4376-A066-2A32D752A2FF}</UniqueIdentifier>
      <Extensions>cpp;c;cc;cxx;c++;def;odl;idl;hpj;bat;asm;asmx</Extensions>
    </Filter>
    <Filter Include="Pliki nagłówkowe">
      <UniqueIdentifier>{93995380-89BD-4b04-88EB-625FBE52EBFB}</UniqueIdentifier>
      <Extensions>h;hh;hpp;hxx;h++;hm;inl;inc;ipp;xsd</Extensions>
    </Filter>
    <Filter Include="Pliki zasobów">
      <UniqueIdentifier>{67DA6AB6-F800-4c08-8B7A-83BB121AAD01}</UniqueIdentifier>
      <Extensions>rc;ico;cur;bmp;dlg;rc2;rct;bin;rgs;gif;jpg;jpeg;jpe;resx;tiff;tif;png;wav;mfcribbon-ms</Extensions>
    </Filter>
    <Filter Include="Pliki zasobów\NewFilter1">
      <UniqueIdentifier>{3457b502-4406-4018-bf85-351990092f3d}</UniqueIdentifier>
    </Filter>
    <Filter Include="Pliki zasobów\NewFilter3">
      <UniqueIdentifier>{e6a518f6-ea5a-4921-ac8f-0757a6155fc1}</UniqueIdentifier>
    </Filter>
    <Filter Include="Pliki zasobów\Enemy Shader">
      <UniqueIdentifier>{70ca7c91-00c9-4007-be2f-5af1c41969e3}</UniqueIdentifier>
    </Filter>
    <Filter Include="Pliki zasobów\Robal Shader">
      <UniqueIdentifier>{60adbd06-d0a2-4a58-8a3c-9b87568bb935}</UniqueIdentifier>
    </Filter>
  </ItemGroup>
  <ItemGroup>
    <ClCompile Include="ROBAL.cpp">
      <Filter>Pliki źródłowe</Filter>
    </ClCompile>
    <ClCompile Include="shaderprogram.cpp">
      <Filter>Pliki źródłowe</Filter>
    </ClCompile>
    <ClCompile Include="camera.cpp">
      <Filter>Pliki źródłowe</Filter>
    </ClCompile>
    <ClCompile Include="Model.cpp">
      <Filter>Pliki źródłowe</Filter>
    </ClCompile>
    <ClCompile Include="robalek.cpp">
      <Filter>Pliki źródłowe</Filter>
    </ClCompile>
    <ClCompile Include="Collisions.cpp">
      <Filter>Pliki źródłowe</Filter>
    </ClCompile>
    <ClCompile Include="lodepng.cpp">
      <Filter>Pliki źródłowe</Filter>
    </ClCompile>
  </ItemGroup>
  <ItemGroup>
    <ClInclude Include="myTeapot.h">
      <Filter>Pliki nagłówkowe</Filter>
    </ClInclude>
    <ClInclude Include="shaderprogram.h">
      <Filter>Pliki nagłówkowe</Filter>
    </ClInclude>
    <ClInclude Include="camera.h">
      <Filter>Pliki nagłówkowe</Filter>
    </ClInclude>
    <ClInclude Include="snake.h">
      <Filter>Pliki nagłówkowe</Filter>
    </ClInclude>
    <ClInclude Include="Model.h">
      <Filter>Pliki nagłówkowe</Filter>
    </ClInclude>
    <ClInclude Include="robalek.h">
      <Filter>Pliki nagłówkowe</Filter>
    </ClInclude>
    <ClInclude Include="Collisions.h">
      <Filter>Pliki nagłówkowe</Filter>
    </ClInclude>
    <ClInclude Include="lodepng.h">
      <Filter>Pliki nagłówkowe</Filter>
    </ClInclude>
  </ItemGroup>
  <ItemGroup>
    <None Include="v_simplest.glsl">
      <Filter>Pliki zasobów\NewFilter1</Filter>
    </None>
    <None Include="f_simplest.glsl">
      <Filter>Pliki zasobów\NewFilter1</Filter>
    </None>
    <None Include="f_simplest1.glsl">
      <Filter>Pliki zasobów\Enemy Shader</Filter>
    </None>
    <None Include="v_simplest1.glsl">
      <Filter>Pliki zasobów\Enemy Shader</Filter>
    </None>
    <None Include="f_simplest2.glsl">
      <Filter>Pliki zasobów\NewFilter3</Filter>
    </None>
    <None Include="v_simplest2.glsl">
      <Filter>Pliki zasobów\NewFilter3</Filter>
    </None>
    <None Include="f_robal.glsl">
      <Filter>Pliki zasobów\Robal Shader</Filter>
    </None>
    <None Include="v_robal.glsl">
      <Filter>Pliki zasobów\Robal Shader</Filter>
    </None>
  </ItemGroup>
</Project>